PODS:
  - awesome_notifications (0.0.2):
    - Flutter
  - Flutter (1.0.0)
  - path_provider_ios (0.0.1):
    - Flutter

DEPENDENCIES:
  - awesome_notifications (from `.symlinks/plugins/awesome_notifications/ios`)
  - Flutter (from `Flutter`)
  - path_provider_ios (from `.symlinks/plugins/path_provider_ios/ios`)

EXTERNAL SOURCES:
  awesome_notifications:
    :path: ".symlinks/plugins/awesome_notifications/ios"
  Flutter:
    :path: Flutter
  path_provider_ios:
    :path: ".symlinks/plugins/path_provider_ios/ios"

SPEC CHECKSUMS:
  awesome_notifications: 74462bc8e68b11f8235d78422266886759e9da61
  Flutter: 50d75fe2f02b26cc09d224853bb45737f8b3214a
  path_provider_ios: 7d7ce634493af4477d156294792024ec3485acd5

PODFILE CHECKSUM: af6b891fb448119e2e3d0a226fcad7567aa13204

COCOAPODS: 1.11.2
